
Microsoft Visual Studio Solution File, Format Version 12.00
# Visual Studio Version 16
VisualStudioVersion = 16.0.31205.134
MinimumVisualStudioVersion = 10.0.40219.1
Project("{FAE04EC0-301F-11D3-BF4B-00C04F79EFBC}") = "ApiRequest", "ApiRequest\ApiRequest.csproj", "{2E448B50-CFA5-4063-B51D-21CBCBFE24EE}"
EndProject
Global
	GlobalSection(SolutionConfigurationPlatforms) = preSolution
		Debug|Any CPU = Debug|Any CPU
		Release|Any CPU = Release|Any CPU
	EndGlobalSection
	GlobalSection(ProjectConfigurationPlatforms) = postSolution
		{2E448B50-CFA5-4063-B51D-21CBCBFE24EE}.Debug|Any CPU.ActiveCfg = Debug|Any CPU
		{2E448B50-CFA5-4063-B51D-21CBCBFE24EE}.Debug|Any CPU.Build.0 = Debug|Any CPU
		{2E448B50-CFA5-4063-B51D-21CBCBFE24EE}.Release|Any CPU.ActiveCfg = Release|Any CPU
		{2E448B50-CFA5-4063-B51D-21CBCBFE24EE}.Release|Any CPU.Build.0 = Release|Any CPU
	EndGlobalSection
	GlobalSection(SolutionProperties) = preSolution
		HideSolutionNode = FALSE
	EndGlobalSection
	GlobalSection(ExtensibilityGlobals) = postSolution
		SolutionGuid = {AB4D7151-7331-47D3-88C8-D454C0BB53E1}
	EndGlobalSection
EndGlobal
